# THIS IS AN AUTOGENERATED FILE. DO NOT EDIT THIS FILE DIRECTLY.
# yarn lockfile v1


"@openzeppelin/contracts-upgradeable@5.2.0", "@openzeppelin/contracts-upgradeable@^5.2.0":
  version "5.2.0"
  resolved "https://registry.yarnpkg.com/@openzeppelin/contracts-upgradeable/-/contracts-upgradeable-5.2.0.tgz#caf9a6eaf4f16d7f90f9b45a6db4e7b125f4b13b"
  integrity sha512-mZIu9oa4tQTlGiOJHk6D3LdJlqFqF6oNOSn6S6UVJtzfs9UsY9/dhMEbAVTwElxUtJnjpf6yA062+oBp+eOyPg==

"@openzeppelin/contracts@5.2.0", "@openzeppelin/contracts@^5.2.0":
  version "5.2.0"
  resolved "https://registry.yarnpkg.com/@openzeppelin/contracts/-/contracts-5.2.0.tgz#bd020694218202b811b0ea3eec07277814c658da"
  integrity sha512-bxjNie5z89W1Ea0NZLZluFh8PrFNn9DH8DQlujEok2yjsOlraUPKID5p1Wk3qdNbf6XkQ1Os2RvfiHrrXLHWKA==

"@story-protocol/protocol-core@github:storyprotocol/protocol-core-v1#v1.3.1":
  version "1.1.0"
  resolved "https://codeload.github.com/storyprotocol/protocol-core-v1/tar.gz/a0cddb1d712566a550fcaca2f8df1f4f67f095ad"
  dependencies:
    "@openzeppelin/contracts" "5.2.0"
    "@openzeppelin/contracts-upgradeable" "5.2.0"
    erc6551 "^0.3.1"
    solady "^0.0.281"

"@story-protocol/protocol-core@https://github.com/storyprotocol/protocol-core-v1":
  version "1.1.0"
  resolved "https://github.com/storyprotocol/protocol-core-v1#564c130049f7a171fc95578c42df8c17b5578c3f"
  dependencies:
    "@openzeppelin/contracts" "5.2.0"
    "@openzeppelin/contracts-upgradeable" "5.2.0"
    erc6551 "^0.3.1"
    solady "^0.0.281"

"@story-protocol/protocol-periphery@https://github.com/storyprotocol/protocol-periphery-v1":
  version "1.3.1"
  resolved "https://github.com/storyprotocol/protocol-periphery-v1#d5bb937a809adea7242013c5c05d6805470641b2"
  dependencies:
    "@openzeppelin/contracts" "5.2.0"
    "@openzeppelin/contracts-upgradeable" "5.2.0"
    "@story-protocol/protocol-core" "github:storyprotocol/protocol-core-v1#v1.3.1"
    erc6551 "^0.3.1"
    solady "^0.0.281"

append@>=0.1.1, append@^0.1.1:
  version "0.1.1"
  resolved "https://registry.yarnpkg.com/append/-/append-0.1.1.tgz#7e5dd327747078d877286fbb624b1e8f4d2b396b"
  integrity sha512-B93J4FCl2WcF6cQvsnX6nxPrQlb4fO1Hosp3S1Frf2nBqHDvOC89kasUoUtdeP+dAbwZxEW5k4E5RgWMJP/Z9g==

async@^0.1.22, async@~0.1.18:
  version "0.1.22"
  resolved "https://registry.yarnpkg.com/async/-/async-0.1.22.tgz#0fc1aaa088a0e3ef0ebe2d8831bab0dcf8845061"
  integrity sha512-2tEzliJmf5fHNafNwQLJXUasGzQCVctvsNkXmnlELHwypU0p08/rHohYvkqKIjyXpx+0rkrYv6QbhJ+UF4QkBg==

consolidate@^0.3.1, consolidate@~0.3.0:
  version "0.3.1"
  resolved "https://registry.yarnpkg.com/consolidate/-/consolidate-0.3.1.tgz#8b901decd69f55698533fefe2dde9779266ae9a3"
  integrity sha512-6KxpSRMROxIqBhYNuOJVK5hlQyB2RTXTca1AmwGUY53KG8uXaevIMOi9qDsti4y3L+WDvgMPkhfSD6fdX4gaFw==

dive@^0.2.0, dive@~0.2.0:
  version "0.2.0"
  resolved "https://registry.yarnpkg.com/dive/-/dive-0.2.0.tgz#c03449aec92edc788d00dbb80aeedd45ca338983"
  integrity sha512-DreSg5QoWLPdfWLbMtjsk7dQyxxpQ+/1d11JEXvxwHfvilvcAUaVLCmaqX3tTC47mVnRT/XE+OQYFg7+rQkHwg==
  dependencies:
    append ">=0.1.1"

"ds-test@https://github.com/dapphub/ds-test":
  version "1.0.0"
  resolved "https://github.com/dapphub/ds-test#e282159d5170298eb2455a6c05280ab5a73a4ef0"

erc6551@^0.3.1:
  version "0.3.1"
  resolved "https://registry.yarnpkg.com/erc6551/-/erc6551-0.3.1.tgz#f9ccc0901c210b0cc29c1c730398878319a1fd30"
  integrity sha512-4+O7CJ5gn3/s2Mum1QiJDJUbGE1P1m0t3do2nnFAKWEXLubWfZjS12HqraUJ6Y6su3WJ8EqdWm0270gC0bqpCA==

"forge-std@github:foundry-rs/forge-std#v1.7.6":
  version "1.7.6"
  resolved "https://codeload.github.com/foundry-rs/forge-std/tar.gz/ae570fec082bfe1c1f45b0acca4a2b4f84d345ce"

fs-extra@^0.1.3, fs-extra@~0.1.0:
  version "0.1.3"
  resolved "https://registry.yarnpkg.com/fs-extra/-/fs-extra-0.1.3.tgz#1d2854be066381d1e931a81531dded8c7c0a29f4"
  integrity sha512-qSNAScpT05K34rPBe61D+30DHRYekZS+rwY0TjSNbGFSuJ5gNP9x9shULGMYA21VihZE81RFIkdpisl56Tipsg==
  dependencies:
    mkdirp "0.3.x"
    ncp "0.2.x"
    rimraf "1.0.x"

hardhat@^0.0.7:
  version "0.0.7"
  resolved "https://registry.yarnpkg.com/hardhat/-/hardhat-0.0.7.tgz#f9214fa041ffee6cf932dd1e3f2bbeab4daf8693"
  integrity sha512-5tU2kZoyxhAFQ7Bk+Ei1LTAF8Uw3EZhP1d4T7KM2HOZos8p6CsFOZ4jTf6xJ0jOufYpxNbtJBL5peMd774HOrQ==
  dependencies:
    async "~0.1.18"
    consolidate "~0.3.0"
    dive "~0.2.0"
    fs-extra "~0.1.0"
    mkdirp "~0.3.2"

mkdirp@0.3.x, mkdirp@^0.3.5, mkdirp@~0.3.2:
  version "0.3.5"
  resolved "https://registry.yarnpkg.com/mkdirp/-/mkdirp-0.3.5.tgz#de3e5f8961c88c787ee1368df849ac4413eca8d7"
  integrity sha512-8OCq0De/h9ZxseqzCH8Kw/Filf5pF/vMI6+BH7Lu0jXz2pqYCjTAQRolSxRIi+Ax+oCCjlxoJMP0YQ4XlrQNHg==

ncp@0.2.x, ncp@^0.2.7:
  version "0.2.7"
  resolved "https://registry.yarnpkg.com/ncp/-/ncp-0.2.7.tgz#46fac2b7dda2560a4cb7e628677bd5f64eac5be1"
  integrity sha512-wPUepcV37u3Mw+ktjrUbl3azxwAkcD9RrVLQGlpSapWcEQM5jL0g8zwKo6ukOjVQAAEjqpRdLeojOalqqySpCg==

rimraf@1.0.x, rimraf@^1.0.9:
  version "1.0.9"
  resolved "https://registry.yarnpkg.com/rimraf/-/rimraf-1.0.9.tgz#be4801ff76c2ba6f1c50c78e9700eb1d21f239f1"
  integrity sha512-vMboELGrBSgcKZ1fVCCfLEvRdhIeOhDAK4XhjuKXFFs/TOkvWxjT9RRHw2kDhM139zfU3wUQbJkRanMXLl7zFA==

solady@^0.0.281:
  version "0.0.281"
  resolved "https://registry.yarnpkg.com/solady/-/solady-0.0.281.tgz#2538b475ef4db587c4c946cd032412e08acba4ca"
  integrity sha512-pO/r0cVb6EXwAISE/cgcn1outhvkEKHEnVCSUTlRdIWDnl013CrUtMx8PbkDYfef2TrJB178TOA0jIBDVyjGBg==

solady@^0.1.11:
  version "0.1.11"
  resolved "https://registry.yarnpkg.com/solady/-/solady-0.1.11.tgz#50241a84d5cf3d5ab03630a45ff29d68ad520fc5"
  integrity sha512-LsvFPqmkWBmt+dncp7GfoDV3cUhVa/L/atXfr1HdYmQ+HvyOLHIv30xbjYTV2O1a16W+HMgzuNj/hD9Vb1s8YA==
